
Microsoft Visual Studio Solution File, Format Version 12.00
# Visual Studio Version 17
VisualStudioVersion = 17.0.31903.59
MinimumVisualStudioVersion = 10.0.40219.1
Project("{9A19103F-16F7-4668-BE54-9A1E7A4F7556}") = "hasheous", "hasheous\hasheous.csproj", "{37509913-50FD-4865-888A-F5ABBE6C5D05}"
EndProject
Project("{FAE04EC0-301F-11D3-BF4B-00C04F79EFBC}") = "hasheous-cli", "hasheous-cli\hasheous-cli.csproj", "{D708CF76-505B-4954-911F-A535F5E18047}"
EndProject
Project("{FAE04EC0-301F-11D3-BF4B-00C04F79EFBC}") = "service-orchestrator", "service-orchestrator\service-orchestrator.csproj", "{E925C33C-E514-4351-B709-13FFBF3F6CC9}"
EndProject
Project("{FAE04EC0-301F-11D3-BF4B-00C04F79EFBC}") = "hasheous-lib", "hasheous-lib\hasheous-lib.csproj", "{DCDE72D0-5B03-4B5C-B85C-DCFEA3A93119}"
EndProject
Project("{FAE04EC0-301F-11D3-BF4B-00C04F79EFBC}") = "service-host", "service-host\service-host.csproj", "{EE31901D-72C9-48DF-B6A6-FDDBABE1F01C}"
EndProject
Project("{FAE04EC0-301F-11D3-BF4B-00C04F79EFBC}") = "hasheous-taskrunner", "hasheous-taskrunner\hasheous-taskrunner.csproj", "{061AC3D5-D809-42B1-A7DD-1A5BF7F37D1F}"
EndProject
Global
	GlobalSection(SolutionConfigurationPlatforms) = preSolution
		Debug|Any CPU = Debug|Any CPU
		Release|Any CPU = Release|Any CPU
	EndGlobalSection
	GlobalSection(SolutionProperties) = preSolution
		HideSolutionNode = FALSE
	EndGlobalSection
	GlobalSection(ProjectConfigurationPlatforms) = postSolution
		{37509913-50FD-4865-888A-F5ABBE6C5D05}.Debug|Any CPU.ActiveCfg = Debug|Any CPU
		{37509913-50FD-4865-888A-F5ABBE6C5D05}.Debug|Any CPU.Build.0 = Debug|Any CPU
		{37509913-50FD-4865-888A-F5ABBE6C5D05}.Release|Any CPU.ActiveCfg = Release|Any CPU
		{37509913-50FD-4865-888A-F5ABBE6C5D05}.Release|Any CPU.Build.0 = Release|Any CPU
		{D708CF76-505B-4954-911F-A535F5E18047}.Debug|Any CPU.ActiveCfg = Debug|Any CPU
		{D708CF76-505B-4954-911F-A535F5E18047}.Debug|Any CPU.Build.0 = Debug|Any CPU
		{D708CF76-505B-4954-911F-A535F5E18047}.Release|Any CPU.ActiveCfg = Release|Any CPU
		{D708CF76-505B-4954-911F-A535F5E18047}.Release|Any CPU.Build.0 = Release|Any CPU
		{E925C33C-E514-4351-B709-13FFBF3F6CC9}.Debug|Any CPU.ActiveCfg = Debug|Any CPU
		{E925C33C-E514-4351-B709-13FFBF3F6CC9}.Debug|Any CPU.Build.0 = Debug|Any CPU
		{E925C33C-E514-4351-B709-13FFBF3F6CC9}.Release|Any CPU.ActiveCfg = Release|Any CPU
		{E925C33C-E514-4351-B709-13FFBF3F6CC9}.Release|Any CPU.Build.0 = Release|Any CPU
		{DCDE72D0-5B03-4B5C-B85C-DCFEA3A93119}.Debug|Any CPU.ActiveCfg = Debug|Any CPU
		{DCDE72D0-5B03-4B5C-B85C-DCFEA3A93119}.Debug|Any CPU.Build.0 = Debug|Any CPU
		{DCDE72D0-5B03-4B5C-B85C-DCFEA3A93119}.Release|Any CPU.ActiveCfg = Release|Any CPU
		{DCDE72D0-5B03-4B5C-B85C-DCFEA3A93119}.Release|Any CPU.Build.0 = Release|Any CPU
		{EE31901D-72C9-48DF-B6A6-FDDBABE1F01C}.Debug|Any CPU.ActiveCfg = Debug|Any CPU
		{EE31901D-72C9-48DF-B6A6-FDDBABE1F01C}.Debug|Any CPU.Build.0 = Debug|Any CPU
		{EE31901D-72C9-48DF-B6A6-FDDBABE1F01C}.Release|Any CPU.ActiveCfg = Release|Any CPU
		{EE31901D-72C9-48DF-B6A6-FDDBABE1F01C}.Release|Any CPU.Build.0 = Release|Any CPU
		{061AC3D5-D809-42B1-A7DD-1A5BF7F37D1F}.Debug|Any CPU.ActiveCfg = Debug|Any CPU
		{061AC3D5-D809-42B1-A7DD-1A5BF7F37D1F}.Debug|Any CPU.Build.0 = Debug|Any CPU
		{061AC3D5-D809-42B1-A7DD-1A5BF7F37D1F}.Release|Any CPU.ActiveCfg = Release|Any CPU
		{061AC3D5-D809-42B1-A7DD-1A5BF7F37D1F}.Release|Any CPU.Build.0 = Release|Any CPU
	EndGlobalSection
EndGlobal
